
Microsoft Visual Studio Solution File, Format Version 12.00
# Visual Studio Version 16
VisualStudioVersion = 16.0.29709.97
MinimumVisualStudioVersion = 10.0.40219.1
Project("{FAE04EC0-301F-11D3-BF4B-00C04F79EFBC}") = "Thota_2", "Thota_2\Thota_2.csproj", "{3AE46CF4-16FA-4874-A3C4-A6E6DEB6CC85}"
EndProject
Global
	GlobalSection(SolutionConfigurationPlatforms) = preSolution
		Debug|Any CPU = Debug|Any CPU
		Release|Any CPU = Release|Any CPU
	EndGlobalSection
	GlobalSection(ProjectConfigurationPlatforms) = postSolution
		{3AE46CF4-16FA-4874-A3C4-A6E6DEB6CC85}.Debug|Any CPU.ActiveCfg = Debug|Any CPU
		{3AE46CF4-16FA-4874-A3C4-A6E6DEB6CC85}.Debug|Any CPU.Build.0 = Debug|Any CPU
		{3AE46CF4-16FA-4874-A3C4-A6E6DEB6CC85}.Release|Any CPU.ActiveCfg = Release|Any CPU
		{3AE46CF4-16FA-4874-A3C4-A6E6DEB6CC85}.Release|Any CPU.Build.0 = Release|Any CPU
	EndGlobalSection
	GlobalSection(SolutionProperties) = preSolution
		HideSolutionNode = FALSE
	EndGlobalSection
	GlobalSection(ExtensibilityGlobals) = postSolution
		SolutionGuid = {553E615C-1182-43C8-8EA4-8D9785619B52}
	EndGlobalSection
EndGlobal
